<?xml version="1.0" encoding="UTF-8" standalone="yes" ?>
<CodeBlocks_project_file>
	<FileVersion major="1" minor="6" />
	<Project>
		<Option title="cbClangCompileCommands" />
		<Option platforms="Unix;" />
		<Option pch_mode="2" />
		<Option compiler="gcc" />
		<Build>
			<Target title="Release">
				<Option output="cbClangCompileCommands" prefix_auto="0" extension_auto="1" />
				<Option type="3" />
				<Option compiler="gnu_gcc_62_compiler" />
				<Option host_application="codeblocks" />
				<Option run_host_application_in_terminal="0" />
				<Compiler>
					<Add option="-O2" />
					<Add option="-pipe" />
					<Add option="-fmessage-length=0" />
					<Add option="-fexceptions" />
					<Add option="-Winvalid-pch" />
					<Add directory="$(#cb)/include" />
					<Add directory="$(#cb)/sdk/wxscintilla/include" />
					<Add directory="$(#wx.include)" />
					<Add directory="$(#wx.lib)" />
				</Compiler>
				<Linker>
					<Add directory="$(#cb)/devel" />
					<Add directory="$(#wx.lib)" />
				</Linker>
				<ExtraCommands>
					<Add after="zip -j9 cbClangCompileCommands.zip manifest.xml" />
					<Add after="zip -j9 cbClangCompileCommands.cbplugin cbClangCompileCommands.dll cbClangCompileCommands.zip" />
				</ExtraCommands>
			</Target>
			<Target title="Debug">
				<Option output="cbClangCompileCommands" prefix_auto="0" extension_auto="1" />
				<Option type="3" />
				<Option compiler="gcc" />
				<Option host_application="$(#cb)/devel/codeblocks.exe" />
				<Option run_host_application_in_terminal="0" />
				<Compiler>
					<Add option="-g" />
					<Add option="-pipe" />
					<Add option="-fmessage-length=0" />
					<Add option="-fexceptions" />
					<Add option="-Winvalid-pch" />
					<Add option="-DcbDEBUG" />
					<Add directory="$(#cb)/include" />
					<Add directory="$(#cb)/sdk/wxscintilla/include" />
					<Add directory="$(#wx.include)" />
					<Add directory="$(#wx.lib)" />
				</Compiler>
				<Linker>
					<Add directory="$(#cb)/devel" />
					<Add directory="$(#wx.lib)" />
				</Linker>
				<ExtraCommands>
					<Add after="zip -j9 cbClangCompileCommands.zip manifest.xml" />
					<Add after="zip -j9 cbClangCompileCommands.cbplugin cbClangCompileCommands.dll cbClangCompileCommands.zip" />
				</ExtraCommands>
			</Target>
			<Environment>
				<Variable name="WX_CONFIG" value="wx-config --version=2.8" />
			</Environment>
		</Build>
		<Compiler>
			<Add option="-fPIC" />
			<Add option="`$(WX_CONFIG) --cflags`" />
			<Add option="`pkg-config --cflags codeblocks`" />
			<Add option="-Ulinux" />
			<Add option="-Uunix" />
			<Add option="-DCB_PRECOMP" />
			<Add option="-DWX_PRECOMP" />
			<Add option="-DwxUSE_UNICODE" />
			<Add option="-DwxUSE_WCHAR_T" />
			<Add option="-DBUILDING_PLUGIN" />
			<Add option="-DwxUSE_GUI=1" />
			<Add directory="$(#wx.lib)/wx/include/gtk2-unicode-release-2.8" />
		</Compiler>
		<Linker>
			<Add option="`$(WX_CONFIG) --libs`" />
			<Add option="`pkg-config --libs codeblocks`" />
		</Linker>
		<Unit filename="cbClangCompileCommands.cpp" />
		<Unit filename="cbClangCompileCommands.h" />
		<Unit filename="manifest.xml" />
		<Extensions>
			<code_completion />
			<envvars />
			<debugger />
		</Extensions>
	</Project>
</CodeBlocks_project_file>
